
Microsoft Visual Studio Solution File, Format Version 12.00
# Visual Studio Version 17
VisualStudioVersion = 17.5.2.0
MinimumVisualStudioVersion = 10.0.40219.1
Project("{FAE04EC0-301F-11D3-BF4B-00C04F79EFBC}") = "AppWebApi", "AppWebApi.csproj", "{E8EFE215-0EFD-FD54-6350-668012A77E37}"
EndProject
Project("{FAE04EC0-301F-11D3-BF4B-00C04F79EFBC}") = "Configuration", "..\Configuration\Configuration.csproj", "{39525354-37F7-4B25-849E-E06C88034844}"
EndProject
Project("{FAE04EC0-301F-11D3-BF4B-00C04F79EFBC}") = "Models", "..\Models\Models.csproj", "{3DB80C9E-EEBB-4556-80F7-4FE6272CE9A6}"
EndProject
Project("{FAE04EC0-301F-11D3-BF4B-00C04F79EFBC}") = "Services", "..\Services\Services.csproj", "{2B7ACD2F-9F16-494E-91CA-F28481D27F5C}"
EndProject
Project("{FAE04EC0-301F-11D3-BF4B-00C04F79EFBC}") = "DbRepos", "..\DbRepos\DbRepos.csproj", "{D73F5DB0-3CC0-4D28-83F5-F5D354B75DA3}"
EndProject
Project("{FAE04EC0-301F-11D3-BF4B-00C04F79EFBC}") = "DbModels", "..\DbModels\DbModels.csproj", "{7B0C2486-7837-4873-86C5-5CB9C093C1D4}"
EndProject
Project("{FAE04EC0-301F-11D3-BF4B-00C04F79EFBC}") = "DbContext", "..\DbContext\DbContext.csproj", "{A461586A-5792-45C2-B148-ED1044991025}"
EndProject
Global
	GlobalSection(SolutionConfigurationPlatforms) = preSolution
		Debug|Any CPU = Debug|Any CPU
		Debug|x64 = Debug|x64
		Debug|x86 = Debug|x86
		Release|Any CPU = Release|Any CPU
		Release|x64 = Release|x64
		Release|x86 = Release|x86
	EndGlobalSection
	GlobalSection(ProjectConfigurationPlatforms) = postSolution
		{E8EFE215-0EFD-FD54-6350-668012A77E37}.Debug|Any CPU.ActiveCfg = Debug|Any CPU
		{E8EFE215-0EFD-FD54-6350-668012A77E37}.Debug|Any CPU.Build.0 = Debug|Any CPU
		{E8EFE215-0EFD-FD54-6350-668012A77E37}.Debug|x64.ActiveCfg = Debug|Any CPU
		{E8EFE215-0EFD-FD54-6350-668012A77E37}.Debug|x64.Build.0 = Debug|Any CPU
		{E8EFE215-0EFD-FD54-6350-668012A77E37}.Debug|x86.ActiveCfg = Debug|Any CPU
		{E8EFE215-0EFD-FD54-6350-668012A77E37}.Debug|x86.Build.0 = Debug|Any CPU
		{E8EFE215-0EFD-FD54-6350-668012A77E37}.Release|Any CPU.ActiveCfg = Release|Any CPU
		{E8EFE215-0EFD-FD54-6350-668012A77E37}.Release|Any CPU.Build.0 = Release|Any CPU
		{E8EFE215-0EFD-FD54-6350-668012A77E37}.Release|x64.ActiveCfg = Release|Any CPU
		{E8EFE215-0EFD-FD54-6350-668012A77E37}.Release|x64.Build.0 = Release|Any CPU
		{E8EFE215-0EFD-FD54-6350-668012A77E37}.Release|x86.ActiveCfg = Release|Any CPU
		{E8EFE215-0EFD-FD54-6350-668012A77E37}.Release|x86.Build.0 = Release|Any CPU
		{39525354-37F7-4B25-849E-E06C88034844}.Debug|Any CPU.ActiveCfg = Debug|Any CPU
		{39525354-37F7-4B25-849E-E06C88034844}.Debug|Any CPU.Build.0 = Debug|Any CPU
		{39525354-37F7-4B25-849E-E06C88034844}.Debug|x64.ActiveCfg = Debug|Any CPU
		{39525354-37F7-4B25-849E-E06C88034844}.Debug|x64.Build.0 = Debug|Any CPU
		{39525354-37F7-4B25-849E-E06C88034844}.Debug|x86.ActiveCfg = Debug|Any CPU
		{39525354-37F7-4B25-849E-E06C88034844}.Debug|x86.Build.0 = Debug|Any CPU
		{39525354-37F7-4B25-849E-E06C88034844}.Release|Any CPU.ActiveCfg = Release|Any CPU
		{39525354-37F7-4B25-849E-E06C88034844}.Release|Any CPU.Build.0 = Release|Any CPU
		{39525354-37F7-4B25-849E-E06C88034844}.Release|x64.ActiveCfg = Release|Any CPU
		{39525354-37F7-4B25-849E-E06C88034844}.Release|x64.Build.0 = Release|Any CPU
		{39525354-37F7-4B25-849E-E06C88034844}.Release|x86.ActiveCfg = Release|Any CPU
		{39525354-37F7-4B25-849E-E06C88034844}.Release|x86.Build.0 = Release|Any CPU
		{3DB80C9E-EEBB-4556-80F7-4FE6272CE9A6}.Debug|Any CPU.ActiveCfg = Debug|Any CPU
		{3DB80C9E-EEBB-4556-80F7-4FE6272CE9A6}.Debug|Any CPU.Build.0 = Debug|Any CPU
		{3DB80C9E-EEBB-4556-80F7-4FE6272CE9A6}.Debug|x64.ActiveCfg = Debug|Any CPU
		{3DB80C9E-EEBB-4556-80F7-4FE6272CE9A6}.Debug|x64.Build.0 = Debug|Any CPU
		{3DB80C9E-EEBB-4556-80F7-4FE6272CE9A6}.Debug|x86.ActiveCfg = Debug|Any CPU
		{3DB80C9E-EEBB-4556-80F7-4FE6272CE9A6}.Debug|x86.Build.0 = Debug|Any CPU
		{3DB80C9E-EEBB-4556-80F7-4FE6272CE9A6}.Release|Any CPU.ActiveCfg = Release|Any CPU
		{3DB80C9E-EEBB-4556-80F7-4FE6272CE9A6}.Release|Any CPU.Build.0 = Release|Any CPU
		{3DB80C9E-EEBB-4556-80F7-4FE6272CE9A6}.Release|x64.ActiveCfg = Release|Any CPU
		{3DB80C9E-EEBB-4556-80F7-4FE6272CE9A6}.Release|x64.Build.0 = Release|Any CPU
		{3DB80C9E-EEBB-4556-80F7-4FE6272CE9A6}.Release|x86.ActiveCfg = Release|Any CPU
		{3DB80C9E-EEBB-4556-80F7-4FE6272CE9A6}.Release|x86.Build.0 = Release|Any CPU
		{2B7ACD2F-9F16-494E-91CA-F28481D27F5C}.Debug|Any CPU.ActiveCfg = Debug|Any CPU
		{2B7ACD2F-9F16-494E-91CA-F28481D27F5C}.Debug|Any CPU.Build.0 = Debug|Any CPU
		{2B7ACD2F-9F16-494E-91CA-F28481D27F5C}.Debug|x64.ActiveCfg = Debug|Any CPU
		{2B7ACD2F-9F16-494E-91CA-F28481D27F5C}.Debug|x64.Build.0 = Debug|Any CPU
		{2B7ACD2F-9F16-494E-91CA-F28481D27F5C}.Debug|x86.ActiveCfg = Debug|Any CPU
		{2B7ACD2F-9F16-494E-91CA-F28481D27F5C}.Debug|x86.Build.0 = Debug|Any CPU
		{2B7ACD2F-9F16-494E-91CA-F28481D27F5C}.Release|Any CPU.ActiveCfg = Release|Any CPU
		{2B7ACD2F-9F16-494E-91CA-F28481D27F5C}.Release|Any CPU.Build.0 = Release|Any CPU
		{2B7ACD2F-9F16-494E-91CA-F28481D27F5C}.Release|x64.ActiveCfg = Release|Any CPU
		{2B7ACD2F-9F16-494E-91CA-F28481D27F5C}.Release|x64.Build.0 = Release|Any CPU
		{2B7ACD2F-9F16-494E-91CA-F28481D27F5C}.Release|x86.ActiveCfg = Release|Any CPU
		{2B7ACD2F-9F16-494E-91CA-F28481D27F5C}.Release|x86.Build.0 = Release|Any CPU
		{D73F5DB0-3CC0-4D28-83F5-F5D354B75DA3}.Debug|Any CPU.ActiveCfg = Debug|Any CPU
		{D73F5DB0-3CC0-4D28-83F5-F5D354B75DA3}.Debug|Any CPU.Build.0 = Debug|Any CPU
		{D73F5DB0-3CC0-4D28-83F5-F5D354B75DA3}.Debug|x64.ActiveCfg = Debug|Any CPU
		{D73F5DB0-3CC0-4D28-83F5-F5D354B75DA3}.Debug|x64.Build.0 = Debug|Any CPU
		{D73F5DB0-3CC0-4D28-83F5-F5D354B75DA3}.Debug|x86.ActiveCfg = Debug|Any CPU
		{D73F5DB0-3CC0-4D28-83F5-F5D354B75DA3}.Debug|x86.Build.0 = Debug|Any CPU
		{D73F5DB0-3CC0-4D28-83F5-F5D354B75DA3}.Release|Any CPU.ActiveCfg = Release|Any CPU
		{D73F5DB0-3CC0-4D28-83F5-F5D354B75DA3}.Release|Any CPU.Build.0 = Release|Any CPU
		{D73F5DB0-3CC0-4D28-83F5-F5D354B75DA3}.Release|x64.ActiveCfg = Release|Any CPU
		{D73F5DB0-3CC0-4D28-83F5-F5D354B75DA3}.Release|x64.Build.0 = Release|Any CPU
		{D73F5DB0-3CC0-4D28-83F5-F5D354B75DA3}.Release|x86.ActiveCfg = Release|Any CPU
		{D73F5DB0-3CC0-4D28-83F5-F5D354B75DA3}.Release|x86.Build.0 = Release|Any CPU
		{7B0C2486-7837-4873-86C5-5CB9C093C1D4}.Debug|Any CPU.ActiveCfg = Debug|Any CPU
		{7B0C2486-7837-4873-86C5-5CB9C093C1D4}.Debug|Any CPU.Build.0 = Debug|Any CPU
		{7B0C2486-7837-4873-86C5-5CB9C093C1D4}.Debug|x64.ActiveCfg = Debug|Any CPU
		{7B0C2486-7837-4873-86C5-5CB9C093C1D4}.Debug|x64.Build.0 = Debug|Any CPU
		{7B0C2486-7837-4873-86C5-5CB9C093C1D4}.Debug|x86.ActiveCfg = Debug|Any CPU
		{7B0C2486-7837-4873-86C5-5CB9C093C1D4}.Debug|x86.Build.0 = Debug|Any CPU
		{7B0C2486-7837-4873-86C5-5CB9C093C1D4}.Release|Any CPU.ActiveCfg = Release|Any CPU
		{7B0C2486-7837-4873-86C5-5CB9C093C1D4}.Release|Any CPU.Build.0 = Release|Any CPU
		{7B0C2486-7837-4873-86C5-5CB9C093C1D4}.Release|x64.ActiveCfg = Release|Any CPU
		{7B0C2486-7837-4873-86C5-5CB9C093C1D4}.Release|x64.Build.0 = Release|Any CPU
		{7B0C2486-7837-4873-86C5-5CB9C093C1D4}.Release|x86.ActiveCfg = Release|Any CPU
		{7B0C2486-7837-4873-86C5-5CB9C093C1D4}.Release|x86.Build.0 = Release|Any CPU
		{A461586A-5792-45C2-B148-ED1044991025}.Debug|Any CPU.ActiveCfg = Debug|Any CPU
		{A461586A-5792-45C2-B148-ED1044991025}.Debug|Any CPU.Build.0 = Debug|Any CPU
		{A461586A-5792-45C2-B148-ED1044991025}.Debug|x64.ActiveCfg = Debug|Any CPU
		{A461586A-5792-45C2-B148-ED1044991025}.Debug|x64.Build.0 = Debug|Any CPU
		{A461586A-5792-45C2-B148-ED1044991025}.Debug|x86.ActiveCfg = Debug|Any CPU
		{A461586A-5792-45C2-B148-ED1044991025}.Debug|x86.Build.0 = Debug|Any CPU
		{A461586A-5792-45C2-B148-ED1044991025}.Release|Any CPU.ActiveCfg = Release|Any CPU
		{A461586A-5792-45C2-B148-ED1044991025}.Release|Any CPU.Build.0 = Release|Any CPU
		{A461586A-5792-45C2-B148-ED1044991025}.Release|x64.ActiveCfg = Release|Any CPU
		{A461586A-5792-45C2-B148-ED1044991025}.Release|x64.Build.0 = Release|Any CPU
		{A461586A-5792-45C2-B148-ED1044991025}.Release|x86.ActiveCfg = Release|Any CPU
		{A461586A-5792-45C2-B148-ED1044991025}.Release|x86.Build.0 = Release|Any CPU
	EndGlobalSection
	GlobalSection(SolutionProperties) = preSolution
		HideSolutionNode = FALSE
	EndGlobalSection
	GlobalSection(ExtensibilityGlobals) = postSolution
		SolutionGuid = {2D4357A7-1E4D-463E-86C5-E374B83DAECF}
	EndGlobalSection
EndGlobal
